
Microsoft Visual Studio Solution File, Format Version 12.00
# Visual Studio 15
VisualStudioVersion = 15.0.28307.1082
MinimumVisualStudioVersion = 10.0.40219.1
Project("{FAE04EC0-301F-11D3-BF4B-00C04F79EFBC}") = "CORS", "CORS\CORS.csproj", "{DA5A9620-ABFA-4329-971F-095F1676C00E}"
EndProject
Global
	GlobalSection(SolutionConfigurationPlatforms) = preSolution
		Debug|Any CPU = Debug|Any CPU
		Release|Any CPU = Release|Any CPU
	EndGlobalSection
	GlobalSection(ProjectConfigurationPlatforms) = postSolution
		{DA5A9620-ABFA-4329-971F-095F1676C00E}.Debug|Any CPU.ActiveCfg = Debug|Any CPU
		{DA5A9620-ABFA-4329-971F-095F1676C00E}.Debug|Any CPU.Build.0 = Debug|Any CPU
		{DA5A9620-ABFA-4329-971F-095F1676C00E}.Release|Any CPU.ActiveCfg = Release|Any CPU
		{DA5A9620-ABFA-4329-971F-095F1676C00E}.Release|Any CPU.Build.0 = Release|Any CPU
	EndGlobalSection
	GlobalSection(SolutionProperties) = preSolution
		HideSolutionNode = FALSE
	EndGlobalSection
	GlobalSection(ExtensibilityGlobals) = postSolution
		SolutionGuid = {CF4C2BB9-3F07-428D-A48D-5E02D761882B}
	EndGlobalSection
EndGlobal
